
Microsoft Visual Studio Solution File, Format Version 12.00
# Visual Studio Version 17
VisualStudioVersion = 17.13.35919.96 d17.13
MinimumVisualStudioVersion = 10.0.40219.1
Project("{FAE04EC0-301F-11D3-BF4B-00C04F79EFBC}") = "RehberWebApi", "RehberWebApi\RehberWebApi.csproj", "{8C3BC2FB-FC23-41CC-9D27-50C3C1C9FBDE}"
EndProject
Global
	GlobalSection(SolutionConfigurationPlatforms) = preSolution
		Debug|Any CPU = Debug|Any CPU
		Release|Any CPU = Release|Any CPU
	EndGlobalSection
	GlobalSection(ProjectConfigurationPlatforms) = postSolution
		{8C3BC2FB-FC23-41CC-9D27-50C3C1C9FBDE}.Debug|Any CPU.ActiveCfg = Debug|Any CPU
		{8C3BC2FB-FC23-41CC-9D27-50C3C1C9FBDE}.Debug|Any CPU.Build.0 = Debug|Any CPU
		{8C3BC2FB-FC23-41CC-9D27-50C3C1C9FBDE}.Release|Any CPU.ActiveCfg = Release|Any CPU
		{8C3BC2FB-FC23-41CC-9D27-50C3C1C9FBDE}.Release|Any CPU.Build.0 = Release|Any CPU
	EndGlobalSection
	GlobalSection(SolutionProperties) = preSolution
		HideSolutionNode = FALSE
	EndGlobalSection
	GlobalSection(ExtensibilityGlobals) = postSolution
		SolutionGuid = {A6158764-9BF7-4424-95E2-8076C3663FD6}
	EndGlobalSection
EndGlobal
